<?xml version="1.0" encoding="utf-8"?>
<Project ToolsVersion="4.0" xmlns="http://schemas.microsoft.com/developer/msbuild/2003">
  <ItemGroup>
    <Filter Include="Source Files">
      <UniqueIdentifier>{4FC737F1-C7A5-4376-A066-2A32D752A2FF}</UniqueIdentifier>
      <Extensions>cpp;c;cc;cxx;c++;cppm;ixx;def;odl;idl;hpj;bat;asm;asmx</Extensions>
    </Filter>
    <Filter Include="Header Files">
      <UniqueIdentifier>{93995380-89BD-4b04-88EB-625FBE52EBFB}</UniqueIdentifier>
      <Extensions>h;hh;hpp;hxx;h++;hm;inl;inc;ipp;xsd</Extensions>
    </Filter>
    <Filter Include="Resource Files">
      <UniqueIdentifier>{67DA6AB6-F800-4c08-8B7A-83BB121AAD01}</UniqueIdentifier>
      <Extensions>rc;ico;cur;bmp;dlg;rc2;rct;bin;rgs;gif;jpg;jpeg;jpe;resx;tiff;tif;png;wav;mfcribbon-ms</Extensions>
    </Filter>
    <Filter Include="Source Files\src">
      <UniqueIdentifier>{f991f6f0-c21f-48a2-b9e7-4e81522bfe89}</UniqueIdentifier>
    </Filter>
    <Filter Include="Source Files\src\lib">
      <UniqueIdentifier>{1cda4b30-8bc8-4ab1-8200-1592654a7381}</UniqueIdentifier>
    </Filter>
    <Filter Include="Source Files\src\lib\nlohmann">
      <UniqueIdentifier>{17b07ccc-3440-4844-8698-fbce87001822}</UniqueIdentifier>
    </Filter>
    <Filter Include="Source Files\src\lib\http">
      <UniqueIdentifier>{b3af6031-953a-4f6a-b573-5707fe04840a}</UniqueIdentifier>
    </Filter>
    <Filter Include="Source Files\src\include">
      <UniqueIdentifier>{872465ff-16a2-4002-998c-4c6ca909a730}</UniqueIdentifier>
    </Filter>
  </ItemGroup>
  <ItemGroup>
    <None Include=".gitattributes" />
    <None Include=".gitignore" />
    <None Include="README.md" />
  </ItemGroup>
  <ItemGroup>
    <ClCompile Include="src\main.cpp">
      <Filter>Source Files\src</Filter>
    </ClCompile>
    <ClCompile Include="src\bencode_parser.cpp">
      <Filter>Source Files\src</Filter>
    </ClCompile>
    <ClCompile Include="src\Encrypt.cpp">
      <Filter>Source Files\src</Filter>
    </ClCompile>
    <ClCompile Include="src\downloader.cpp">
      <Filter>Source Files\src</Filter>
    </ClCompile>
    <ClCompile Include="src\BitTorrent_CLI.cpp">
      <Filter>Source Files\src</Filter>
    </ClCompile>
    <ClCompile Include="src\DiskWriter.cpp">
      <Filter>Source Files</Filter>
    </ClCompile>
    <ClCompile Include="src\TorrentManager.cpp">
      <Filter>Source Files\src</Filter>
    </ClCompile>
    <ClCompile Include="src\time.cpp">
      <Filter>Source Files\src</Filter>
    </ClCompile>
  </ItemGroup>
  <ItemGroup>
    <ClInclude Include="src\lib\nlohmann\json.hpp">
      <Filter>Source Files\src\lib\nlohmann</Filter>
    </ClInclude>
    <ClInclude Include="sha1.hpp">
      <Filter>Source Files\src\lib</Filter>
    </ClInclude>
    <ClInclude Include="httplib.h">
      <Filter>Source Files\src\lib\http</Filter>
    </ClInclude>
    <ClInclude Include="resource.h">
      <Filter>Header Files</Filter>
    </ClInclude>
    <ClInclude Include="src\include\bencrypt.h">
      <Filter>Source Files\src\include</Filter>
    </ClInclude>
    <ClInclude Include="src\include\TorrentParser.h">
      <Filter>Source Files\src\include</Filter>
    </ClInclude>
    <ClInclude Include="src\include\TorrentDownloader.h">
      <Filter>Source Files\src\include</Filter>
    </ClInclude>
    <ClInclude Include="src\include\btcli.h">
      <Filter>Source Files\src\include</Filter>
    </ClInclude>
    <ClInclude Include="src\include\DiskWriter.h">
      <Filter>Header Files</Filter>
    </ClInclude>
    <ClInclude Include="src\include\TorrentManager.h">
      <Filter>Source Files\src\include</Filter>
    </ClInclude>
    <ClInclude Include="src\include\btime.h">
      <Filter>Source Files\src\include</Filter>
    </ClInclude>
  </ItemGroup>
</Project>